
Microsoft Visual Studio Solution File, Format Version 12.00
# Visual Studio Version 16
VisualStudioVersion = 16.0.31112.23
MinimumVisualStudioVersion = 10.0.40219.1
Project("{2150E333-8FDC-42A3-9474-1A3956D46DE8}") = "Frameworks", "Frameworks", "{2C40D54D-4105-431E-9ABE-99B5BACAFAC0}"
EndProject
Project("{9A19103F-16F7-4668-BE54-9A1E7A4F7556}") = "Framework.Saga", "Framework.Saga\Framework.Saga.csproj", "{4A7BD591-A520-4A77-BE4E-558260D76C91}"
EndProject
Project("{2150E333-8FDC-42A3-9474-1A3956D46DE8}") = "Microservices", "Microservices", "{A411836F-5063-432D-A457-7B6D2230DCCE}"
EndProject
Project("{2150E333-8FDC-42A3-9474-1A3956D46DE8}") = "SalesOrder", "SalesOrder", "{95C9FB41-F270-4135-B703-F8F9E68B9FE4}"
EndProject
Project("{2150E333-8FDC-42A3-9474-1A3956D46DE8}") = "Stock", "Stock", "{70B27A64-9A0E-42C4-B9A5-4B22769129FB}"
EndProject
Project("{2150E333-8FDC-42A3-9474-1A3956D46DE8}") = "OrderDispatch", "OrderDispatch", "{2277D7A2-E000-47B6-8CFD-0412F126001F}"
EndProject
Project("{2150E333-8FDC-42A3-9474-1A3956D46DE8}") = "Database", "Database", "{39EFEBF7-B1EA-45B8-BE1D-CA2B49A5A86C}"
EndProject
Project("{2150E333-8FDC-42A3-9474-1A3956D46DE8}") = "Apis", "Apis", "{803AB9A2-2416-47CD-B2C3-B82825A81A76}"
EndProject
Project("{2150E333-8FDC-42A3-9474-1A3956D46DE8}") = "Shared", "Shared", "{5DA2679B-C816-4A6B-9492-F7EC9072262C}"
EndProject
Project("{2150E333-8FDC-42A3-9474-1A3956D46DE8}") = "SalesOrder", "SalesOrder", "{DAEAC162-B95E-43D8-AD9C-4EF1744A8EF9}"
EndProject
Project("{9A19103F-16F7-4668-BE54-9A1E7A4F7556}") = "SalesOrder.Shared.Domain", "SalesOrder.Shared.Domain\SalesOrder.Shared.Domain.csproj", "{1513684B-8404-40F1-8BEF-C618613BBA1D}"
EndProject
Project("{9A19103F-16F7-4668-BE54-9A1E7A4F7556}") = "Stock.Shared.Domain", "Stock.Shared.Domain\Stock.Shared.Domain.csproj", "{B1FB5B17-D94D-4E5C-8227-D1E7E6454BE8}"
EndProject
Project("{2150E333-8FDC-42A3-9474-1A3956D46DE8}") = "Stock", "Stock", "{C0758932-E3F6-4F96-AAB4-27BC7361EDAD}"
EndProject
Project("{2150E333-8FDC-42A3-9474-1A3956D46DE8}") = "OrderDispatch", "OrderDispatch", "{284E9C40-66B1-414A-A171-0370E06354E7}"
EndProject
Project("{9A19103F-16F7-4668-BE54-9A1E7A4F7556}") = "SalesOrder.Commnad.Api", "SalesOrder.Commnad.Api\SalesOrder.Commnad.Api.csproj", "{713F5294-BF4D-42F3-A928-69106FBC5BCE}"
EndProject
Project("{2150E333-8FDC-42A3-9474-1A3956D46DE8}") = "Shared", "Shared", "{22ABCE71-B941-4CF7-A77B-AADF547632D6}"
EndProject
Project("{9A19103F-16F7-4668-BE54-9A1E7A4F7556}") = "SalesOrder.Shared.DTO", "SalesOrder.Shared.DTO\SalesOrder.Shared.DTO.csproj", "{282E4C31-621C-4537-B1AB-44BB7098BFBE}"
EndProject
Project("{9A19103F-16F7-4668-BE54-9A1E7A4F7556}") = "Framework.SqlClient", "Framework.SqlClient\Framework.SqlClient.csproj", "{C371A3F4-510A-40A1-8F1A-02CF5232DBE1}"
EndProject
Project("{00D1A9C2-B5F0-4AF3-8072-F6C62B433612}") = "SalesOrder.Database", "SalesOrder.Database\SalesOrder.Database.sqlproj", "{3034B110-F8AF-4D8F-9BBE-05164CB8476E}"
EndProject
Project("{2150E333-8FDC-42A3-9474-1A3956D46DE8}") = "Apis", "Apis", "{13CBC47D-18A3-45F5-8DD3-15C2CA8F3A3C}"
EndProject
Project("{2150E333-8FDC-42A3-9474-1A3956D46DE8}") = "Database", "Database", "{A075AC93-8DF2-46E5-B702-F4A3AE30BC9F}"
EndProject
Project("{2150E333-8FDC-42A3-9474-1A3956D46DE8}") = "Shared", "Shared", "{E9C1D0DC-6EFD-4B7B-B3CD-3383E3E9BE14}"
EndProject
Project("{9A19103F-16F7-4668-BE54-9A1E7A4F7556}") = "Stock.Shared.DTO", "Stock.Shared.DTO\Stock.Shared.DTO.csproj", "{A57B724D-BCCC-43AD-8EA1-90439544255B}"
EndProject
Project("{9A19103F-16F7-4668-BE54-9A1E7A4F7556}") = "Stock.Command.Api", "Stock.Command.Api\Stock.Command.Api.csproj", "{5C6DFA6B-3CC4-46D1-8DF4-32A0E1BACB0D}"
EndProject
Project("{00D1A9C2-B5F0-4AF3-8072-F6C62B433612}") = "Stock.Database", "Stock.Database\Stock.Database.sqlproj", "{2758AFFA-A590-4F68-8339-68CB369FC8ED}"
EndProject
Project("{2150E333-8FDC-42A3-9474-1A3956D46DE8}") = "Apis", "Apis", "{3B02F4B0-0E63-4AE9-8EC5-BBB4C8BD09F7}"
EndProject
Project("{2150E333-8FDC-42A3-9474-1A3956D46DE8}") = "Database", "Database", "{67D7C2C6-BB3C-4B0E-9EA1-778448449932}"
EndProject
Project("{2150E333-8FDC-42A3-9474-1A3956D46DE8}") = "Shared", "Shared", "{72E88320-D4DE-4A76-B584-776A08DE87D6}"
EndProject
Project("{00D1A9C2-B5F0-4AF3-8072-F6C62B433612}") = "OrderDispatch.Database", "OrderDispatch.Database\OrderDispatch.Database.sqlproj", "{7DED79C1-1EDF-4905-A8E7-1D1DCDB7F67C}"
EndProject
Project("{9A19103F-16F7-4668-BE54-9A1E7A4F7556}") = "OrderDispatch.Shared.Domain", "OrderDispatch.Shared.Domain\OrderDispatch.Shared.Domain.csproj", "{6A8E520B-FBC6-44E4-9251-E9D1C881AE68}"
EndProject
Project("{9A19103F-16F7-4668-BE54-9A1E7A4F7556}") = "OrderDispatch.Shared.DTO", "OrderDispatch.Shared.DTO\OrderDispatch.Shared.DTO.csproj", "{77C7E10F-B370-4ED2-A469-644BCB8D5477}"
EndProject
Project("{9A19103F-16F7-4668-BE54-9A1E7A4F7556}") = "OrderDispatch.Command.Api", "OrderDispatch.Command.Api\OrderDispatch.Command.Api.csproj", "{80964D8D-A90F-49D7-8CAB-6F404EFCFEEE}"
EndProject
Project("{9A19103F-16F7-4668-BE54-9A1E7A4F7556}") = "Framework.RabbitMQ.Extension", "Framework.RabbitMQ.Extension\Framework.RabbitMQ.Extension.csproj", "{E167F206-8C3C-4625-8225-98EDD782DA97}"
EndProject
Project("{FAE04EC0-301F-11D3-BF4B-00C04F79EFBC}") = "Stock.Shared.Message", "Stock.Shared.Request_Response\Stock.Shared.Message.csproj", "{3053DCBE-9768-4EAD-B807-AFABC776B64E}"
EndProject
Project("{FAE04EC0-301F-11D3-BF4B-00C04F79EFBC}") = "OrderDispatch.Shared.Message", "OrderDispatch.Shared.Message\OrderDispatch.Shared.Message.csproj", "{8C2F99D8-E392-4878-B088-79FFDD522D6D}"
EndProject
Global
	GlobalSection(SolutionConfigurationPlatforms) = preSolution
		Debug|Any CPU = Debug|Any CPU
		Release|Any CPU = Release|Any CPU
	EndGlobalSection
	GlobalSection(ProjectConfigurationPlatforms) = postSolution
		{4A7BD591-A520-4A77-BE4E-558260D76C91}.Debug|Any CPU.ActiveCfg = Debug|Any CPU
		{4A7BD591-A520-4A77-BE4E-558260D76C91}.Debug|Any CPU.Build.0 = Debug|Any CPU
		{4A7BD591-A520-4A77-BE4E-558260D76C91}.Release|Any CPU.ActiveCfg = Release|Any CPU
		{4A7BD591-A520-4A77-BE4E-558260D76C91}.Release|Any CPU.Build.0 = Release|Any CPU
		{1513684B-8404-40F1-8BEF-C618613BBA1D}.Debug|Any CPU.ActiveCfg = Debug|Any CPU
		{1513684B-8404-40F1-8BEF-C618613BBA1D}.Debug|Any CPU.Build.0 = Debug|Any CPU
		{1513684B-8404-40F1-8BEF-C618613BBA1D}.Release|Any CPU.ActiveCfg = Release|Any CPU
		{1513684B-8404-40F1-8BEF-C618613BBA1D}.Release|Any CPU.Build.0 = Release|Any CPU
		{B1FB5B17-D94D-4E5C-8227-D1E7E6454BE8}.Debug|Any CPU.ActiveCfg = Debug|Any CPU
		{B1FB5B17-D94D-4E5C-8227-D1E7E6454BE8}.Debug|Any CPU.Build.0 = Debug|Any CPU
		{B1FB5B17-D94D-4E5C-8227-D1E7E6454BE8}.Release|Any CPU.ActiveCfg = Release|Any CPU
		{B1FB5B17-D94D-4E5C-8227-D1E7E6454BE8}.Release|Any CPU.Build.0 = Release|Any CPU
		{713F5294-BF4D-42F3-A928-69106FBC5BCE}.Debug|Any CPU.ActiveCfg = Debug|Any CPU
		{713F5294-BF4D-42F3-A928-69106FBC5BCE}.Debug|Any CPU.Build.0 = Debug|Any CPU
		{713F5294-BF4D-42F3-A928-69106FBC5BCE}.Release|Any CPU.ActiveCfg = Release|Any CPU
		{713F5294-BF4D-42F3-A928-69106FBC5BCE}.Release|Any CPU.Build.0 = Release|Any CPU
		{282E4C31-621C-4537-B1AB-44BB7098BFBE}.Debug|Any CPU.ActiveCfg = Debug|Any CPU
		{282E4C31-621C-4537-B1AB-44BB7098BFBE}.Debug|Any CPU.Build.0 = Debug|Any CPU
		{282E4C31-621C-4537-B1AB-44BB7098BFBE}.Release|Any CPU.ActiveCfg = Release|Any CPU
		{282E4C31-621C-4537-B1AB-44BB7098BFBE}.Release|Any CPU.Build.0 = Release|Any CPU
		{C371A3F4-510A-40A1-8F1A-02CF5232DBE1}.Debug|Any CPU.ActiveCfg = Debug|Any CPU
		{C371A3F4-510A-40A1-8F1A-02CF5232DBE1}.Debug|Any CPU.Build.0 = Debug|Any CPU
		{C371A3F4-510A-40A1-8F1A-02CF5232DBE1}.Release|Any CPU.ActiveCfg = Release|Any CPU
		{C371A3F4-510A-40A1-8F1A-02CF5232DBE1}.Release|Any CPU.Build.0 = Release|Any CPU
		{3034B110-F8AF-4D8F-9BBE-05164CB8476E}.Debug|Any CPU.ActiveCfg = Debug|Any CPU
		{3034B110-F8AF-4D8F-9BBE-05164CB8476E}.Debug|Any CPU.Build.0 = Debug|Any CPU
		{3034B110-F8AF-4D8F-9BBE-05164CB8476E}.Debug|Any CPU.Deploy.0 = Debug|Any CPU
		{3034B110-F8AF-4D8F-9BBE-05164CB8476E}.Release|Any CPU.ActiveCfg = Release|Any CPU
		{3034B110-F8AF-4D8F-9BBE-05164CB8476E}.Release|Any CPU.Build.0 = Release|Any CPU
		{3034B110-F8AF-4D8F-9BBE-05164CB8476E}.Release|Any CPU.Deploy.0 = Release|Any CPU
		{A57B724D-BCCC-43AD-8EA1-90439544255B}.Debug|Any CPU.ActiveCfg = Debug|Any CPU
		{A57B724D-BCCC-43AD-8EA1-90439544255B}.Debug|Any CPU.Build.0 = Debug|Any CPU
		{A57B724D-BCCC-43AD-8EA1-90439544255B}.Release|Any CPU.ActiveCfg = Release|Any CPU
		{A57B724D-BCCC-43AD-8EA1-90439544255B}.Release|Any CPU.Build.0 = Release|Any CPU
		{5C6DFA6B-3CC4-46D1-8DF4-32A0E1BACB0D}.Debug|Any CPU.ActiveCfg = Debug|Any CPU
		{5C6DFA6B-3CC4-46D1-8DF4-32A0E1BACB0D}.Debug|Any CPU.Build.0 = Debug|Any CPU
		{5C6DFA6B-3CC4-46D1-8DF4-32A0E1BACB0D}.Release|Any CPU.ActiveCfg = Release|Any CPU
		{5C6DFA6B-3CC4-46D1-8DF4-32A0E1BACB0D}.Release|Any CPU.Build.0 = Release|Any CPU
		{2758AFFA-A590-4F68-8339-68CB369FC8ED}.Debug|Any CPU.ActiveCfg = Debug|Any CPU
		{2758AFFA-A590-4F68-8339-68CB369FC8ED}.Debug|Any CPU.Build.0 = Debug|Any CPU
		{2758AFFA-A590-4F68-8339-68CB369FC8ED}.Debug|Any CPU.Deploy.0 = Debug|Any CPU
		{2758AFFA-A590-4F68-8339-68CB369FC8ED}.Release|Any CPU.ActiveCfg = Release|Any CPU
		{2758AFFA-A590-4F68-8339-68CB369FC8ED}.Release|Any CPU.Build.0 = Release|Any CPU
		{2758AFFA-A590-4F68-8339-68CB369FC8ED}.Release|Any CPU.Deploy.0 = Release|Any CPU
		{7DED79C1-1EDF-4905-A8E7-1D1DCDB7F67C}.Debug|Any CPU.ActiveCfg = Debug|Any CPU
		{7DED79C1-1EDF-4905-A8E7-1D1DCDB7F67C}.Debug|Any CPU.Build.0 = Debug|Any CPU
		{7DED79C1-1EDF-4905-A8E7-1D1DCDB7F67C}.Debug|Any CPU.Deploy.0 = Debug|Any CPU
		{7DED79C1-1EDF-4905-A8E7-1D1DCDB7F67C}.Release|Any CPU.ActiveCfg = Release|Any CPU
		{7DED79C1-1EDF-4905-A8E7-1D1DCDB7F67C}.Release|Any CPU.Build.0 = Release|Any CPU
		{7DED79C1-1EDF-4905-A8E7-1D1DCDB7F67C}.Release|Any CPU.Deploy.0 = Release|Any CPU
		{6A8E520B-FBC6-44E4-9251-E9D1C881AE68}.Debug|Any CPU.ActiveCfg = Debug|Any CPU
		{6A8E520B-FBC6-44E4-9251-E9D1C881AE68}.Debug|Any CPU.Build.0 = Debug|Any CPU
		{6A8E520B-FBC6-44E4-9251-E9D1C881AE68}.Release|Any CPU.ActiveCfg = Release|Any CPU
		{6A8E520B-FBC6-44E4-9251-E9D1C881AE68}.Release|Any CPU.Build.0 = Release|Any CPU
		{77C7E10F-B370-4ED2-A469-644BCB8D5477}.Debug|Any CPU.ActiveCfg = Debug|Any CPU
		{77C7E10F-B370-4ED2-A469-644BCB8D5477}.Debug|Any CPU.Build.0 = Debug|Any CPU
		{77C7E10F-B370-4ED2-A469-644BCB8D5477}.Release|Any CPU.ActiveCfg = Release|Any CPU
		{77C7E10F-B370-4ED2-A469-644BCB8D5477}.Release|Any CPU.Build.0 = Release|Any CPU
		{80964D8D-A90F-49D7-8CAB-6F404EFCFEEE}.Debug|Any CPU.ActiveCfg = Debug|Any CPU
		{80964D8D-A90F-49D7-8CAB-6F404EFCFEEE}.Debug|Any CPU.Build.0 = Debug|Any CPU
		{80964D8D-A90F-49D7-8CAB-6F404EFCFEEE}.Release|Any CPU.ActiveCfg = Release|Any CPU
		{80964D8D-A90F-49D7-8CAB-6F404EFCFEEE}.Release|Any CPU.Build.0 = Release|Any CPU
		{E167F206-8C3C-4625-8225-98EDD782DA97}.Debug|Any CPU.ActiveCfg = Debug|Any CPU
		{E167F206-8C3C-4625-8225-98EDD782DA97}.Debug|Any CPU.Build.0 = Debug|Any CPU
		{E167F206-8C3C-4625-8225-98EDD782DA97}.Release|Any CPU.ActiveCfg = Release|Any CPU
		{E167F206-8C3C-4625-8225-98EDD782DA97}.Release|Any CPU.Build.0 = Release|Any CPU
		{3053DCBE-9768-4EAD-B807-AFABC776B64E}.Debug|Any CPU.ActiveCfg = Debug|Any CPU
		{3053DCBE-9768-4EAD-B807-AFABC776B64E}.Debug|Any CPU.Build.0 = Debug|Any CPU
		{3053DCBE-9768-4EAD-B807-AFABC776B64E}.Release|Any CPU.ActiveCfg = Release|Any CPU
		{3053DCBE-9768-4EAD-B807-AFABC776B64E}.Release|Any CPU.Build.0 = Release|Any CPU
		{8C2F99D8-E392-4878-B088-79FFDD522D6D}.Debug|Any CPU.ActiveCfg = Debug|Any CPU
		{8C2F99D8-E392-4878-B088-79FFDD522D6D}.Debug|Any CPU.Build.0 = Debug|Any CPU
		{8C2F99D8-E392-4878-B088-79FFDD522D6D}.Release|Any CPU.ActiveCfg = Release|Any CPU
		{8C2F99D8-E392-4878-B088-79FFDD522D6D}.Release|Any CPU.Build.0 = Release|Any CPU
	EndGlobalSection
	GlobalSection(SolutionProperties) = preSolution
		HideSolutionNode = FALSE
	EndGlobalSection
	GlobalSection(NestedProjects) = preSolution
		{4A7BD591-A520-4A77-BE4E-558260D76C91} = {2C40D54D-4105-431E-9ABE-99B5BACAFAC0}
		{95C9FB41-F270-4135-B703-F8F9E68B9FE4} = {A411836F-5063-432D-A457-7B6D2230DCCE}
		{70B27A64-9A0E-42C4-B9A5-4B22769129FB} = {A411836F-5063-432D-A457-7B6D2230DCCE}
		{2277D7A2-E000-47B6-8CFD-0412F126001F} = {A411836F-5063-432D-A457-7B6D2230DCCE}
		{39EFEBF7-B1EA-45B8-BE1D-CA2B49A5A86C} = {95C9FB41-F270-4135-B703-F8F9E68B9FE4}
		{803AB9A2-2416-47CD-B2C3-B82825A81A76} = {95C9FB41-F270-4135-B703-F8F9E68B9FE4}
		{DAEAC162-B95E-43D8-AD9C-4EF1744A8EF9} = {5DA2679B-C816-4A6B-9492-F7EC9072262C}
		{1513684B-8404-40F1-8BEF-C618613BBA1D} = {DAEAC162-B95E-43D8-AD9C-4EF1744A8EF9}
		{B1FB5B17-D94D-4E5C-8227-D1E7E6454BE8} = {C0758932-E3F6-4F96-AAB4-27BC7361EDAD}
		{C0758932-E3F6-4F96-AAB4-27BC7361EDAD} = {5DA2679B-C816-4A6B-9492-F7EC9072262C}
		{284E9C40-66B1-414A-A171-0370E06354E7} = {5DA2679B-C816-4A6B-9492-F7EC9072262C}
		{713F5294-BF4D-42F3-A928-69106FBC5BCE} = {803AB9A2-2416-47CD-B2C3-B82825A81A76}
		{22ABCE71-B941-4CF7-A77B-AADF547632D6} = {95C9FB41-F270-4135-B703-F8F9E68B9FE4}
		{282E4C31-621C-4537-B1AB-44BB7098BFBE} = {22ABCE71-B941-4CF7-A77B-AADF547632D6}
		{C371A3F4-510A-40A1-8F1A-02CF5232DBE1} = {2C40D54D-4105-431E-9ABE-99B5BACAFAC0}
		{3034B110-F8AF-4D8F-9BBE-05164CB8476E} = {39EFEBF7-B1EA-45B8-BE1D-CA2B49A5A86C}
		{13CBC47D-18A3-45F5-8DD3-15C2CA8F3A3C} = {70B27A64-9A0E-42C4-B9A5-4B22769129FB}
		{A075AC93-8DF2-46E5-B702-F4A3AE30BC9F} = {70B27A64-9A0E-42C4-B9A5-4B22769129FB}
		{E9C1D0DC-6EFD-4B7B-B3CD-3383E3E9BE14} = {70B27A64-9A0E-42C4-B9A5-4B22769129FB}
		{A57B724D-BCCC-43AD-8EA1-90439544255B} = {E9C1D0DC-6EFD-4B7B-B3CD-3383E3E9BE14}
		{5C6DFA6B-3CC4-46D1-8DF4-32A0E1BACB0D} = {13CBC47D-18A3-45F5-8DD3-15C2CA8F3A3C}
		{2758AFFA-A590-4F68-8339-68CB369FC8ED} = {A075AC93-8DF2-46E5-B702-F4A3AE30BC9F}
		{3B02F4B0-0E63-4AE9-8EC5-BBB4C8BD09F7} = {2277D7A2-E000-47B6-8CFD-0412F126001F}
		{67D7C2C6-BB3C-4B0E-9EA1-778448449932} = {2277D7A2-E000-47B6-8CFD-0412F126001F}
		{72E88320-D4DE-4A76-B584-776A08DE87D6} = {2277D7A2-E000-47B6-8CFD-0412F126001F}
		{7DED79C1-1EDF-4905-A8E7-1D1DCDB7F67C} = {67D7C2C6-BB3C-4B0E-9EA1-778448449932}
		{6A8E520B-FBC6-44E4-9251-E9D1C881AE68} = {284E9C40-66B1-414A-A171-0370E06354E7}
		{77C7E10F-B370-4ED2-A469-644BCB8D5477} = {72E88320-D4DE-4A76-B584-776A08DE87D6}
		{80964D8D-A90F-49D7-8CAB-6F404EFCFEEE} = {3B02F4B0-0E63-4AE9-8EC5-BBB4C8BD09F7}
		{E167F206-8C3C-4625-8225-98EDD782DA97} = {2C40D54D-4105-431E-9ABE-99B5BACAFAC0}
		{3053DCBE-9768-4EAD-B807-AFABC776B64E} = {E9C1D0DC-6EFD-4B7B-B3CD-3383E3E9BE14}
		{8C2F99D8-E392-4878-B088-79FFDD522D6D} = {72E88320-D4DE-4A76-B584-776A08DE87D6}
	EndGlobalSection
	GlobalSection(ExtensibilityGlobals) = postSolution
		SolutionGuid = {8CCDBB93-15BC-441D-84F5-93EB82956505}
	EndGlobalSection
EndGlobal
